// !$*UTF8*$!
{
	archiveVersion = 1;
	classes = {
	};
	objectVersion = 56;
	objects = {

/* Begin PBXBuildFile section */
		F100BAA52A707C4700FBC3ED /* TitleCollectionViewCell.swift in Sources */ = {isa = PBXBuildFile; fileRef = F100BAA42A707C4700FBC3ED /* TitleCollectionViewCell.swift */; };
		F100BAA82A707F9800FBC3ED /* SDWebImage in Frameworks */ = {isa = PBXBuildFile; productRef = F100BAA72A707F9800FBC3ED /* SDWebImage */; };
		F100BAAA2A707F9800FBC3ED /* SDWebImageMapKit in Frameworks */ = {isa = PBXBuildFile; productRef = F100BAA92A707F9800FBC3ED /* SDWebImageMapKit */; };
		F100BAAC2A71600B00FBC3ED /* TitleTableViewCell.swift in Sources */ = {isa = PBXBuildFile; fileRef = F100BAAB2A71600B00FBC3ED /* TitleTableViewCell.swift */; };
		F100BAAE2A717BA900FBC3ED /* TitleViewModel.swift in Sources */ = {isa = PBXBuildFile; fileRef = F100BAAD2A717BA900FBC3ED /* TitleViewModel.swift */; };
		F100BAB02A71F52C00FBC3ED /* SearchResultsViewController.swift in Sources */ = {isa = PBXBuildFile; fileRef = F100BAAF2A71F52C00FBC3ED /* SearchResultsViewController.swift */; };
		F100BAB42A769BE700FBC3ED /* YuotubeSearchResponse.swift in Sources */ = {isa = PBXBuildFile; fileRef = F100BAB32A769BE600FBC3ED /* YuotubeSearchResponse.swift */; };
		F14F34D62A66E436001BF435 /* AppDelegate.swift in Sources */ = {isa = PBXBuildFile; fileRef = F14F34D52A66E436001BF435 /* AppDelegate.swift */; };
		F14F34D82A66E436001BF435 /* SceneDelegate.swift in Sources */ = {isa = PBXBuildFile; fileRef = F14F34D72A66E436001BF435 /* SceneDelegate.swift */; };
		F14F34DA2A66E436001BF435 /* MainTabBarViewController.swift in Sources */ = {isa = PBXBuildFile; fileRef = F14F34D92A66E436001BF435 /* MainTabBarViewController.swift */; };
		F14F34DF2A66E437001BF435 /* Assets.xcassets in Resources */ = {isa = PBXBuildFile; fileRef = F14F34DE2A66E437001BF435 /* Assets.xcassets */; };
		F14F34E22A66E437001BF435 /* LaunchScreen.storyboard in Resources */ = {isa = PBXBuildFile; fileRef = F14F34E02A66E437001BF435 /* LaunchScreen.storyboard */; };
		F14F34EB2A675011001BF435 /* HomeViewController.swift in Sources */ = {isa = PBXBuildFile; fileRef = F14F34EA2A675011001BF435 /* HomeViewController.swift */; };
		F14F34ED2A6752E0001BF435 /* UpcomingViewController.swift in Sources */ = {isa = PBXBuildFile; fileRef = F14F34EC2A6752E0001BF435 /* UpcomingViewController.swift */; };
		F14F34EF2A6753F9001BF435 /* SearchViewController.swift in Sources */ = {isa = PBXBuildFile; fileRef = F14F34EE2A6753F9001BF435 /* SearchViewController.swift */; };
		F14F34F12A67545A001BF435 /* DownloadsViewController.swift in Sources */ = {isa = PBXBuildFile; fileRef = F14F34F02A67545A001BF435 /* DownloadsViewController.swift */; };
		F14F34F82A694A04001BF435 /* CollectionViewTableViewCell.swift in Sources */ = {isa = PBXBuildFile; fileRef = F14F34F72A694A04001BF435 /* CollectionViewTableViewCell.swift */; };
		F14F34FA2A69A511001BF435 /* HeroHeaderUIView.swift in Sources */ = {isa = PBXBuildFile; fileRef = F14F34F92A69A511001BF435 /* HeroHeaderUIView.swift */; };
		F14F34FC2A6D654F001BF435 /* APICaller.swift in Sources */ = {isa = PBXBuildFile; fileRef = F14F34FB2A6D654F001BF435 /* APICaller.swift */; };
		F14F34FE2A6DA349001BF435 /* Title.swift in Sources */ = {isa = PBXBuildFile; fileRef = F14F34FD2A6DA349001BF435 /* Title.swift */; };
		F14F35002A6DD40A001BF435 /* Extensions.swift in Sources */ = {isa = PBXBuildFile; fileRef = F14F34FF2A6DD40A001BF435 /* Extensions.swift */; };
/* End PBXBuildFile section */

/* Begin PBXFileReference section */
		F100BAA42A707C4700FBC3ED /* TitleCollectionViewCell.swift */ = {isa = PBXFileReference; lastKnownFileType = sourcecode.swift; path = TitleCollectionViewCell.swift; sourceTree = "<group>"; };
		F100BAAB2A71600B00FBC3ED /* TitleTableViewCell.swift */ = {isa = PBXFileReference; lastKnownFileType = sourcecode.swift; path = TitleTableViewCell.swift; sourceTree = "<group>"; };
		F100BAAD2A717BA900FBC3ED /* TitleViewModel.swift */ = {isa = PBXFileReference; lastKnownFileType = sourcecode.swift; path = TitleViewModel.swift; sourceTree = "<group>"; };
		F100BAAF2A71F52C00FBC3ED /* SearchResultsViewController.swift */ = {isa = PBXFileReference; lastKnownFileType = sourcecode.swift; path = SearchResultsViewController.swift; sourceTree = "<group>"; };
		F100BAB32A769BE600FBC3ED /* YuotubeSearchResponse.swift */ = {isa = PBXFileReference; lastKnownFileType = sourcecode.swift; path = YuotubeSearchResponse.swift; sourceTree = "<group>"; };
		F14F34D22A66E436001BF435 /* Netflix Clone.app */ = {isa = PBXFileReference; explicitFileType = wrapper.application; includeInIndex = 0; path = "Netflix Clone.app"; sourceTree = BUILT_PRODUCTS_DIR; };
		F14F34D52A66E436001BF435 /* AppDelegate.swift */ = {isa = PBXFileReference; lastKnownFileType = sourcecode.swift; path = AppDelegate.swift; sourceTree = "<group>"; };
		F14F34D72A66E436001BF435 /* SceneDelegate.swift */ = {isa = PBXFileReference; lastKnownFileType = sourcecode.swift; path = SceneDelegate.swift; sourceTree = "<group>"; };
		F14F34D92A66E436001BF435 /* MainTabBarViewController.swift */ = {isa = PBXFileReference; lastKnownFileType = sourcecode.swift; path = MainTabBarViewController.swift; sourceTree = "<group>"; };
		F14F34DE2A66E437001BF435 /* Assets.xcassets */ = {isa = PBXFileReference; lastKnownFileType = folder.assetcatalog; path = Assets.xcassets; sourceTree = "<group>"; };
		F14F34E12A66E437001BF435 /* Base */ = {isa = PBXFileReference; lastKnownFileType = file.storyboard; name = Base; path = Base.lproj/LaunchScreen.storyboard; sourceTree = "<group>"; };
		F14F34E32A66E437001BF435 /* Info.plist */ = {isa = PBXFileReference; lastKnownFileType = text.plist.xml; path = Info.plist; sourceTree = "<group>"; };
		F14F34EA2A675011001BF435 /* HomeViewController.swift */ = {isa = PBXFileReference; lastKnownFileType = sourcecode.swift; path = HomeViewController.swift; sourceTree = "<group>"; };
		F14F34EC2A6752E0001BF435 /* UpcomingViewController.swift */ = {isa = PBXFileReference; lastKnownFileType = sourcecode.swift; path = UpcomingViewController.swift; sourceTree = "<group>"; };
		F14F34EE2A6753F9001BF435 /* SearchViewController.swift */ = {isa = PBXFileReference; lastKnownFileType = sourcecode.swift; path = SearchViewController.swift; sourceTree = "<group>"; };
		F14F34F02A67545A001BF435 /* DownloadsViewController.swift */ = {isa = PBXFileReference; lastKnownFileType = sourcecode.swift; path = DownloadsViewController.swift; sourceTree = "<group>"; };
		F14F34F72A694A04001BF435 /* CollectionViewTableViewCell.swift */ = {isa = PBXFileReference; lastKnownFileType = sourcecode.swift; path = CollectionViewTableViewCell.swift; sourceTree = "<group>"; };
		F14F34F92A69A511001BF435 /* HeroHeaderUIView.swift */ = {isa = PBXFileReference; lastKnownFileType = sourcecode.swift; path = HeroHeaderUIView.swift; sourceTree = "<group>"; };
		F14F34FB2A6D654F001BF435 /* APICaller.swift */ = {isa = PBXFileReference; lastKnownFileType = sourcecode.swift; path = APICaller.swift; sourceTree = "<group>"; };
		F14F34FD2A6DA349001BF435 /* Title.swift */ = {isa = PBXFileReference; lastKnownFileType = sourcecode.swift; path = Title.swift; sourceTree = "<group>"; };
		F14F34FF2A6DD40A001BF435 /* Extensions.swift */ = {isa = PBXFileReference; lastKnownFileType = sourcecode.swift; path = Extensions.swift; sourceTree = "<group>"; };
/* End PBXFileReference section */

/* Begin PBXFrameworksBuildPhase section */
		F14F34CF2A66E436001BF435 /* Frameworks */ = {
			isa = PBXFrameworksBuildPhase;
			buildActionMask = 2147483647;
			files = (
				F100BAAA2A707F9800FBC3ED /* SDWebImageMapKit in Frameworks */,
				F100BAA82A707F9800FBC3ED /* SDWebImage in Frameworks */,
			);
			runOnlyForDeploymentPostprocessing = 0;
		};
/* End PBXFrameworksBuildPhase section */

/* Begin PBXGroup section */
		F100BAB12A7276F900FBC3ED /* Core */ = {
			isa = PBXGroup;
			children = (
				F14F34F02A67545A001BF435 /* DownloadsViewController.swift */,
				F14F34EE2A6753F9001BF435 /* SearchViewController.swift */,
				F14F34EC2A6752E0001BF435 /* UpcomingViewController.swift */,
				F14F34EA2A675011001BF435 /* HomeViewController.swift */,
			);
			path = Core;
			sourceTree = "<group>";
		};
		F100BAB22A72774E00FBC3ED /* General */ = {
			isa = PBXGroup;
			children = (
				F100BAAF2A71F52C00FBC3ED /* SearchResultsViewController.swift */,
			);
			path = General;
			sourceTree = "<group>";
		};
		F14F34C92A66E436001BF435 = {
			isa = PBXGroup;
			children = (
				F14F34D42A66E436001BF435 /* Netflix Clone */,
				F14F34D32A66E436001BF435 /* Products */,
			);
			sourceTree = "<group>";
		};
		F14F34D32A66E436001BF435 /* Products */ = {
			isa = PBXGroup;
			children = (
				F14F34D22A66E436001BF435 /* Netflix Clone.app */,
			);
			name = Products;
			sourceTree = "<group>";
		};
		F14F34D42A66E436001BF435 /* Netflix Clone */ = {
			isa = PBXGroup;
			children = (
				F14F34F62A694774001BF435 /* Managers */,
				F14F34F52A694758001BF435 /* Resourses */,
				F14F34F42A69472D001BF435 /* Models */,
				F14F34F32A69470F001BF435 /* ViewModels */,
				F14F34F22A6946EE001BF435 /* Views */,
				F14F34E92A674F65001BF435 /* Controllers */,
				F14F34D52A66E436001BF435 /* AppDelegate.swift */,
				F14F34D72A66E436001BF435 /* SceneDelegate.swift */,
				F14F34D92A66E436001BF435 /* MainTabBarViewController.swift */,
				F14F34DE2A66E437001BF435 /* Assets.xcassets */,
				F14F34E02A66E437001BF435 /* LaunchScreen.storyboard */,
				F14F34E32A66E437001BF435 /* Info.plist */,
			);
			path = "Netflix Clone";
			sourceTree = "<group>";
		};
		F14F34E92A674F65001BF435 /* Controllers */ = {
			isa = PBXGroup;
			children = (
				F100BAB22A72774E00FBC3ED /* General */,
				F100BAB12A7276F900FBC3ED /* Core */,
			);
			path = Controllers;
			sourceTree = "<group>";
		};
		F14F34F22A6946EE001BF435 /* Views */ = {
			isa = PBXGroup;
			children = (
				F14F34F72A694A04001BF435 /* CollectionViewTableViewCell.swift */,
				F14F34F92A69A511001BF435 /* HeroHeaderUIView.swift */,
				F100BAA42A707C4700FBC3ED /* TitleCollectionViewCell.swift */,
				F100BAAB2A71600B00FBC3ED /* TitleTableViewCell.swift */,
			);
			path = Views;
			sourceTree = "<group>";
		};
		F14F34F32A69470F001BF435 /* ViewModels */ = {
			isa = PBXGroup;
			children = (
				F100BAAD2A717BA900FBC3ED /* TitleViewModel.swift */,
			);
			path = ViewModels;
			sourceTree = "<group>";
		};
		F14F34F42A69472D001BF435 /* Models */ = {
			isa = PBXGroup;
			children = (
				F14F34FD2A6DA349001BF435 /* Title.swift */,
				F100BAB32A769BE600FBC3ED /* YuotubeSearchResponse.swift */,
			);
			path = Models;
			sourceTree = "<group>";
		};
		F14F34F52A694758001BF435 /* Resourses */ = {
			isa = PBXGroup;
			children = (
				F14F34FF2A6DD40A001BF435 /* Extensions.swift */,
			);
			path = Resourses;
			sourceTree = "<group>";
		};
		F14F34F62A694774001BF435 /* Managers */ = {
			isa = PBXGroup;
			children = (
				F14F34FB2A6D654F001BF435 /* APICaller.swift */,
			);
			path = Managers;
			sourceTree = "<group>";
		};
/* End PBXGroup section */

/* Begin PBXNativeTarget section */
		F14F34D12A66E436001BF435 /* Netflix Clone */ = {
			isa = PBXNativeTarget;
			buildConfigurationList = F14F34E62A66E437001BF435 /* Build configuration list for PBXNativeTarget "Netflix Clone" */;
			buildPhases = (
				F14F34CE2A66E436001BF435 /* Sources */,
				F14F34CF2A66E436001BF435 /* Frameworks */,
				F14F34D02A66E436001BF435 /* Resources */,
			);
			buildRules = (
			);
			dependencies = (
			);
			name = "Netflix Clone";
			packageProductDependencies = (
				F100BAA72A707F9800FBC3ED /* SDWebImage */,
				F100BAA92A707F9800FBC3ED /* SDWebImageMapKit */,
			);
			productName = "Netflix Clone";
			productReference = F14F34D22A66E436001BF435 /* Netflix Clone.app */;
			productType = "com.apple.product-type.application";
		};
/* End PBXNativeTarget section */

/* Begin PBXProject section */
		F14F34CA2A66E436001BF435 /* Project object */ = {
			isa = PBXProject;
			attributes = {
				BuildIndependentTargetsInParallel = 1;
				LastSwiftUpdateCheck = 1430;
				LastUpgradeCheck = 1430;
				TargetAttributes = {
					F14F34D12A66E436001BF435 = {
						CreatedOnToolsVersion = 14.3.1;
					};
				};
			};
			buildConfigurationList = F14F34CD2A66E436001BF435 /* Build configuration list for PBXProject "Netflix Clone" */;
			compatibilityVersion = "Xcode 14.0";
			developmentRegion = en;
			hasScannedForEncodings = 0;
			knownRegions = (
				en,
				Base,
			);
			mainGroup = F14F34C92A66E436001BF435;
			packageReferences = (
				F100BAA62A707F9800FBC3ED /* XCRemoteSwiftPackageReference "SDWebImage" */,
			);
			productRefGroup = F14F34D32A66E436001BF435 /* Products */;
			projectDirPath = "";
			projectRoot = "";
			targets = (
				F14F34D12A66E436001BF435 /* Netflix Clone */,
			);
		};
/* End PBXProject section */

/* Begin PBXResourcesBuildPhase section */
		F14F34D02A66E436001BF435 /* Resources */ = {
			isa = PBXResourcesBuildPhase;
			buildActionMask = 2147483647;
			files = (
				F14F34E22A66E437001BF435 /* LaunchScreen.storyboard in Resources */,
				F14F34DF2A66E437001BF435 /* Assets.xcassets in Resources */,
			);
			runOnlyForDeploymentPostprocessing = 0;
		};
/* End PBXResourcesBuildPhase section */

/* Begin PBXSourcesBuildPhase section */
		F14F34CE2A66E436001BF435 /* Sources */ = {
			isa = PBXSourcesBuildPhase;
			buildActionMask = 2147483647;
			files = (
				F100BAAC2A71600B00FBC3ED /* TitleTableViewCell.swift in Sources */,
				F100BAB42A769BE700FBC3ED /* YuotubeSearchResponse.swift in Sources */,
				F14F34EF2A6753F9001BF435 /* SearchViewController.swift in Sources */,
				F100BAA52A707C4700FBC3ED /* TitleCollectionViewCell.swift in Sources */,
				F14F34DA2A66E436001BF435 /* MainTabBarViewController.swift in Sources */,
				F14F34F82A694A04001BF435 /* CollectionViewTableViewCell.swift in Sources */,
				F14F34FC2A6D654F001BF435 /* APICaller.swift in Sources */,
				F14F34FA2A69A511001BF435 /* HeroHeaderUIView.swift in Sources */,
				F14F34F12A67545A001BF435 /* DownloadsViewController.swift in Sources */,
				F14F34D62A66E436001BF435 /* AppDelegate.swift in Sources */,
				F100BAB02A71F52C00FBC3ED /* SearchResultsViewController.swift in Sources */,
				F14F35002A6DD40A001BF435 /* Extensions.swift in Sources */,
				F14F34D82A66E436001BF435 /* SceneDelegate.swift in Sources */,
				F14F34ED2A6752E0001BF435 /* UpcomingViewController.swift in Sources */,
				F14F34FE2A6DA349001BF435 /* Title.swift in Sources */,
				F14F34EB2A675011001BF435 /* HomeViewController.swift in Sources */,
				F100BAAE2A717BA900FBC3ED /* TitleViewModel.swift in Sources */,
			);
			runOnlyForDeploymentPostprocessing = 0;
		};
/* End PBXSourcesBuildPhase section */

/* Begin PBXVariantGroup section */
		F14F34E02A66E437001BF435 /* LaunchScreen.storyboard */ = {
			isa = PBXVariantGroup;
			children = (
				F14F34E12A66E437001BF435 /* Base */,
			);
			name = LaunchScreen.storyboard;
			sourceTree = "<group>";
		};
/* End PBXVariantGroup section */

/* Begin XCBuildConfiguration section */
		F14F34E42A66E437001BF435 /* Debug */ = {
			isa = XCBuildConfiguration;
			buildSettings = {
				ALWAYS_SEARCH_USER_PATHS = NO;
				CLANG_ANALYZER_NONNULL = YES;
				CLANG_ANALYZER_NUMBER_OBJECT_CONVERSION = YES_AGGRESSIVE;
				CLANG_CXX_LANGUAGE_STANDARD = "gnu++20";
				CLANG_ENABLE_MODULES = YES;
				CLANG_ENABLE_OBJC_ARC = YES;
				CLANG_ENABLE_OBJC_WEAK = YES;
				CLANG_WARN_BLOCK_CAPTURE_AUTORELEASING = YES;
				CLANG_WARN_BOOL_CONVERSION = YES;
				CLANG_WARN_COMMA = YES;
				CLANG_WARN_CONSTANT_CONVERSION = YES;
				CLANG_WARN_DEPRECATED_OBJC_IMPLEMENTATIONS = YES;
				CLANG_WARN_DIRECT_OBJC_ISA_USAGE = YES_ERROR;
				CLANG_WARN_DOCUMENTATION_COMMENTS = YES;
				CLANG_WARN_EMPTY_BODY = YES;
				CLANG_WARN_ENUM_CONVERSION = YES;
				CLANG_WARN_INFINITE_RECURSION = YES;
				CLANG_WARN_INT_CONVERSION = YES;
				CLANG_WARN_NON_LITERAL_NULL_CONVERSION = YES;
				CLANG_WARN_OBJC_IMPLICIT_RETAIN_SELF = YES;
				CLANG_WARN_OBJC_LITERAL_CONVERSION = YES;
				CLANG_WARN_OBJC_ROOT_CLASS = YES_ERROR;
				CLANG_WARN_QUOTED_INCLUDE_IN_FRAMEWORK_HEADER = YES;
				CLANG_WARN_RANGE_LOOP_ANALYSIS = YES;
				CLANG_WARN_STRICT_PROTOTYPES = YES;
				CLANG_WARN_SUSPICIOUS_MOVE = YES;
				CLANG_WARN_UNGUARDED_AVAILABILITY = YES_AGGRESSIVE;
				CLANG_WARN_UNREACHABLE_CODE = YES;
				CLANG_WARN__DUPLICATE_METHOD_MATCH = YES;
				COPY_PHASE_STRIP = NO;
				DEBUG_INFORMATION_FORMAT = dwarf;
				ENABLE_STRICT_OBJC_MSGSEND = YES;
				ENABLE_TESTABILITY = YES;
				GCC_C_LANGUAGE_STANDARD = gnu11;
				GCC_DYNAMIC_NO_PIC = NO;
				GCC_NO_COMMON_BLOCKS = YES;
				GCC_OPTIMIZATION_LEVEL = 0;
				GCC_PREPROCESSOR_DEFINITIONS = (
					"DEBUG=1",
					"$(inherited)",
				);
				GCC_WARN_64_TO_32_BIT_CONVERSION = YES;
				GCC_WARN_ABOUT_RETURN_TYPE = YES_ERROR;
				GCC_WARN_UNDECLARED_SELECTOR = YES;
				GCC_WARN_UNINITIALIZED_AUTOS = YES_AGGRESSIVE;
				GCC_WARN_UNUSED_FUNCTION = YES;
				GCC_WARN_UNUSED_VARIABLE = YES;
				IPHONEOS_DEPLOYMENT_TARGET = 16.4;
				MTL_ENABLE_DEBUG_INFO = INCLUDE_SOURCE;
				MTL_FAST_MATH = YES;
				ONLY_ACTIVE_ARCH = YES;
				SDKROOT = iphoneos;
				SWIFT_ACTIVE_COMPILATION_CONDITIONS = DEBUG;
				SWIFT_OPTIMIZATION_LEVEL = "-Onone";
			};
			name = Debug;
		};
		F14F34E52A66E437001BF435 /* Release */ = {
			isa = XCBuildConfiguration;
			buildSettings = {
				ALWAYS_SEARCH_USER_PATHS = NO;
				CLANG_ANALYZER_NONNULL = YES;
				CLANG_ANALYZER_NUMBER_OBJECT_CONVERSION = YES_AGGRESSIVE;
				CLANG_CXX_LANGUAGE_STANDARD = "gnu++20";
				CLANG_ENABLE_MODULES = YES;
				CLANG_ENABLE_OBJC_ARC = YES;
				CLANG_ENABLE_OBJC_WEAK = YES;
				CLANG_WARN_BLOCK_CAPTURE_AUTORELEASING = YES;
				CLANG_WARN_BOOL_CONVERSION = YES;
				CLANG_WARN_COMMA = YES;
				CLANG_WARN_CONSTANT_CONVERSION = YES;
				CLANG_WARN_DEPRECATED_OBJC_IMPLEMENTATIONS = YES;
				CLANG_WARN_DIRECT_OBJC_ISA_USAGE = YES_ERROR;
				CLANG_WARN_DOCUMENTATION_COMMENTS = YES;
				CLANG_WARN_EMPTY_BODY = YES;
				CLANG_WARN_ENUM_CONVERSION = YES;
				CLANG_WARN_INFINITE_RECURSION = YES;
				CLANG_WARN_INT_CONVERSION = YES;
				CLANG_WARN_NON_LITERAL_NULL_CONVERSION = YES;
				CLANG_WARN_OBJC_IMPLICIT_RETAIN_SELF = YES;
				CLANG_WARN_OBJC_LITERAL_CONVERSION = YES;
				CLANG_WARN_OBJC_ROOT_CLASS = YES_ERROR;
				CLANG_WARN_QUOTED_INCLUDE_IN_FRAMEWORK_HEADER = YES;
				CLANG_WARN_RANGE_LOOP_ANALYSIS = YES;
				CLANG_WARN_STRICT_PROTOTYPES = YES;
				CLANG_WARN_SUSPICIOUS_MOVE = YES;
				CLANG_WARN_UNGUARDED_AVAILABILITY = YES_AGGRESSIVE;
				CLANG_WARN_UNREACHABLE_CODE = YES;
				CLANG_WARN__DUPLICATE_METHOD_MATCH = YES;
				COPY_PHASE_STRIP = NO;
				DEBUG_INFORMATION_FORMAT = "dwarf-with-dsym";
				ENABLE_NS_ASSERTIONS = NO;
				ENABLE_STRICT_OBJC_MSGSEND = YES;
				GCC_C_LANGUAGE_STANDARD = gnu11;
				GCC_NO_COMMON_BLOCKS = YES;
				GCC_WARN_64_TO_32_BIT_CONVERSION = YES;
				GCC_WARN_ABOUT_RETURN_TYPE = YES_ERROR;
				GCC_WARN_UNDECLARED_SELECTOR = YES;
				GCC_WARN_UNINITIALIZED_AUTOS = YES_AGGRESSIVE;
				GCC_WARN_UNUSED_FUNCTION = YES;
				GCC_WARN_UNUSED_VARIABLE = YES;
				IPHONEOS_DEPLOYMENT_TARGET = 16.4;
				MTL_ENABLE_DEBUG_INFO = NO;
				MTL_FAST_MATH = YES;
				SDKROOT = iphoneos;
				SWIFT_COMPILATION_MODE = wholemodule;
				SWIFT_OPTIMIZATION_LEVEL = "-O";
				VALIDATE_PRODUCT = YES;
			};
			name = Release;
		};
		F14F34E72A66E437001BF435 /* Debug */ = {
			isa = XCBuildConfiguration;
			buildSettings = {
				ASSETCATALOG_COMPILER_APPICON_NAME = AppIcon;
				ASSETCATALOG_COMPILER_GLOBAL_ACCENT_COLOR_NAME = AccentColor;
				CODE_SIGN_STYLE = Automatic;
				CURRENT_PROJECT_VERSION = 1;
				GENERATE_INFOPLIST_FILE = YES;
				INFOPLIST_FILE = "Netflix Clone/Info.plist";
				INFOPLIST_KEY_UIApplicationSupportsIndirectInputEvents = YES;
				INFOPLIST_KEY_UILaunchStoryboardName = LaunchScreen;
				INFOPLIST_KEY_UISupportedInterfaceOrientations_iPad = "UIInterfaceOrientationPortrait UIInterfaceOrientationPortraitUpsideDown UIInterfaceOrientationLandscapeLeft UIInterfaceOrientationLandscapeRight";
				INFOPLIST_KEY_UISupportedInterfaceOrientations_iPhone = "UIInterfaceOrientationPortrait UIInterfaceOrientationLandscapeLeft UIInterfaceOrientationLandscapeRight";
				LD_RUNPATH_SEARCH_PATHS = (
					"$(inherited)",
					"@executable_path/Frameworks",
				);
				MARKETING_VERSION = 1.0;
				PRODUCT_BUNDLE_IDENTIFIER = "Sasha87.Netflix-Clone";
				PRODUCT_NAME = "$(TARGET_NAME)";
				SWIFT_EMIT_LOC_STRINGS = YES;
				SWIFT_VERSION = 5.0;
				TARGETED_DEVICE_FAMILY = "1,2";
			};
			name = Debug;
		};
		F14F34E82A66E437001BF435 /* Release */ = {
			isa = XCBuildConfiguration;
			buildSettings = {
				ASSETCATALOG_COMPILER_APPICON_NAME = AppIcon;
				ASSETCATALOG_COMPILER_GLOBAL_ACCENT_COLOR_NAME = AccentColor;
				CODE_SIGN_STYLE = Automatic;
				CURRENT_PROJECT_VERSION = 1;
				GENERATE_INFOPLIST_FILE = YES;
				INFOPLIST_FILE = "Netflix Clone/Info.plist";
				INFOPLIST_KEY_UIApplicationSupportsIndirectInputEvents = YES;
				INFOPLIST_KEY_UILaunchStoryboardName = LaunchScreen;
				INFOPLIST_KEY_UISupportedInterfaceOrientations_iPad = "UIInterfaceOrientationPortrait UIInterfaceOrientationPortraitUpsideDown UIInterfaceOrientationLandscapeLeft UIInterfaceOrientationLandscapeRight";
				INFOPLIST_KEY_UISupportedInterfaceOrientations_iPhone = "UIInterfaceOrientationPortrait UIInterfaceOrientationLandscapeLeft UIInterfaceOrientationLandscapeRight";
				LD_RUNPATH_SEARCH_PATHS = (
					"$(inherited)",
					"@executable_path/Frameworks",
				);
				MARKETING_VERSION = 1.0;
				PRODUCT_BUNDLE_IDENTIFIER = "Sasha87.Netflix-Clone";
				PRODUCT_NAME = "$(TARGET_NAME)";
				SWIFT_EMIT_LOC_STRINGS = YES;
				SWIFT_VERSION = 5.0;
				TARGETED_DEVICE_FAMILY = "1,2";
			};
			name = Release;
		};
/* End XCBuildConfiguration section */

/* Begin XCConfigurationList section */
		F14F34CD2A66E436001BF435 /* Build configuration list for PBXProject "Netflix Clone" */ = {
			isa = XCConfigurationList;
			buildConfigurations = (
				F14F34E42A66E437001BF435 /* Debug */,
				F14F34E52A66E437001BF435 /* Release */,
			);
			defaultConfigurationIsVisible = 0;
			defaultConfigurationName = Release;
		};
		F14F34E62A66E437001BF435 /* Build configuration list for PBXNativeTarget "Netflix Clone" */ = {
			isa = XCConfigurationList;
			buildConfigurations = (
				F14F34E72A66E437001BF435 /* Debug */,
				F14F34E82A66E437001BF435 /* Release */,
			);
			defaultConfigurationIsVisible = 0;
			defaultConfigurationName = Release;
		};
/* End XCConfigurationList section */

/* Begin XCRemoteSwiftPackageReference section */
		F100BAA62A707F9800FBC3ED /* XCRemoteSwiftPackageReference "SDWebImage" */ = {
			isa = XCRemoteSwiftPackageReference;
			repositoryURL = "https://github.com/SDWebImage/SDWebImage.git";
			requirement = {
				kind = upToNextMajorVersion;
				minimumVersion = 5.0.0;
			};
		};
/* End XCRemoteSwiftPackageReference section */

/* Begin XCSwiftPackageProductDependency section */
		F100BAA72A707F9800FBC3ED /* SDWebImage */ = {
			isa = XCSwiftPackageProductDependency;
			package = F100BAA62A707F9800FBC3ED /* XCRemoteSwiftPackageReference "SDWebImage" */;
			productName = SDWebImage;
		};
		F100BAA92A707F9800FBC3ED /* SDWebImageMapKit */ = {
			isa = XCSwiftPackageProductDependency;
			package = F100BAA62A707F9800FBC3ED /* XCRemoteSwiftPackageReference "SDWebImage" */;
			productName = SDWebImageMapKit;
		};
/* End XCSwiftPackageProductDependency section */
	};
	rootObject = F14F34CA2A66E436001BF435 /* Project object */;
}
